PODS:
  - device_info_plus (0.0.1):
    - Flutter
  - fk_user_agent (2.0.0):
    - Flutter
  - Flutter (1.0.0)
  - flutter_blue (0.0.1):
    - Flutter
    - flutter_blue/Protos (= 0.0.1)
  - flutter_blue/Protos (0.0.1):
    - Flutter
    - Protobuf (~> 3.11.4)
  - FMDB (2.7.5):
    - FMDB/standard (= 2.7.5)
  - FMDB/standard (2.7.5)
  - iboxpro_flutter (0.0.1):
    - Flutter
  - location (0.0.1):
    - Flutter
  - MTBBarcodeScanner (5.0.11)
  - package_info (0.0.1):
    - Flutter
  - package_info_plus (0.4.5):
    - Flutter
  - path_provider_ios (0.0.1):
    - Flutter
  - "permission_handler (5.1.0+2)":
    - Flutter
  - Protobuf (3.11.4)
  - qr_code_scanner (0.2.0):
    - Flutter
    - MTBBarcodeScanner
  - Sentry (7.5.4):
    - Sentry/Core (= 7.5.4)
  - Sentry/Core (7.5.4)
  - sentry_flutter (0.0.1):
    - Flutter
    - FlutterMacOS
    - Sentry (~> 7.5.1)
  - shared_preferences_ios (0.0.1):
    - Flutter
  - sqflite (0.0.2):
    - Flutter
    - FMDB (>= 2.7.5)
  - sqlite3 (3.37.2):
    - sqlite3/common (= 3.37.2)
  - sqlite3/common (3.37.2)
  - sqlite3/fts5 (3.37.2):
    - sqlite3/common
  - sqlite3/json1 (3.37.2):
    - sqlite3/common
  - sqlite3/perf-threadsafe (3.37.2):
    - sqlite3/common
  - sqlite3/rtree (3.37.2):
    - sqlite3/common
  - sqlite3_flutter_libs (0.0.1):
    - Flutter
    - sqlite3 (~> 3.37.2)
    - sqlite3/fts5
    - sqlite3/json1
    - sqlite3/perf-threadsafe
    - sqlite3/rtree
  - url_launcher_ios (0.0.1):
    - Flutter
  - yandex_mapkit (0.0.1):
    - Flutter
    - YandexMapsMobile (= 4.0.0-full)
  - YandexMapsMobile (4.0.0-full)

DEPENDENCIES:
  - device_info_plus (from `.symlinks/plugins/device_info_plus/ios`)
  - fk_user_agent (from `.symlinks/plugins/fk_user_agent/ios`)
  - Flutter (from `Flutter`)
  - flutter_blue (from `.symlinks/plugins/flutter_blue/ios`)
  - iboxpro_flutter (from `.symlinks/plugins/iboxpro_flutter/ios`)
  - location (from `.symlinks/plugins/location/ios`)
  - package_info (from `.symlinks/plugins/package_info/ios`)
  - package_info_plus (from `.symlinks/plugins/package_info_plus/ios`)
  - path_provider_ios (from `.symlinks/plugins/path_provider_ios/ios`)
  - permission_handler (from `.symlinks/plugins/permission_handler/ios`)
  - qr_code_scanner (from `.symlinks/plugins/qr_code_scanner/ios`)
  - sentry_flutter (from `.symlinks/plugins/sentry_flutter/ios`)
  - shared_preferences_ios (from `.symlinks/plugins/shared_preferences_ios/ios`)
  - sqflite (from `.symlinks/plugins/sqflite/ios`)
  - sqlite3_flutter_libs (from `.symlinks/plugins/sqlite3_flutter_libs/ios`)
  - url_launcher_ios (from `.symlinks/plugins/url_launcher_ios/ios`)
  - yandex_mapkit (from `.symlinks/plugins/yandex_mapkit/ios`)

SPEC REPOS:
  trunk:
    - FMDB
    - MTBBarcodeScanner
    - Protobuf
    - Sentry
    - sqlite3
    - YandexMapsMobile

EXTERNAL SOURCES:
  device_info_plus:
    :path: ".symlinks/plugins/device_info_plus/ios"
  fk_user_agent:
    :path: ".symlinks/plugins/fk_user_agent/ios"
  Flutter:
    :path: Flutter
  flutter_blue:
    :path: ".symlinks/plugins/flutter_blue/ios"
  iboxpro_flutter:
    :path: ".symlinks/plugins/iboxpro_flutter/ios"
  location:
    :path: ".symlinks/plugins/location/ios"
  package_info:
    :path: ".symlinks/plugins/package_info/ios"
  package_info_plus:
    :path: ".symlinks/plugins/package_info_plus/ios"
  path_provider_ios:
    :path: ".symlinks/plugins/path_provider_ios/ios"
  permission_handler:
    :path: ".symlinks/plugins/permission_handler/ios"
  qr_code_scanner:
    :path: ".symlinks/plugins/qr_code_scanner/ios"
  sentry_flutter:
    :path: ".symlinks/plugins/sentry_flutter/ios"
  shared_preferences_ios:
    :path: ".symlinks/plugins/shared_preferences_ios/ios"
  sqflite:
    :path: ".symlinks/plugins/sqflite/ios"
  sqlite3_flutter_libs:
    :path: ".symlinks/plugins/sqlite3_flutter_libs/ios"
  url_launcher_ios:
    :path: ".symlinks/plugins/url_launcher_ios/ios"
  yandex_mapkit:
    :path: ".symlinks/plugins/yandex_mapkit/ios"

SPEC CHECKSUMS:
  device_info_plus: e5c5da33f982a436e103237c0c85f9031142abed
  fk_user_agent: 1f47ec39291e8372b1d692b50084b0d54103c545
  Flutter: 50d75fe2f02b26cc09d224853bb45737f8b3214a
  flutter_blue: eeb381dc4727a0954dede73515f683865494b370
  FMDB: 2ce00b547f966261cd18927a3ddb07cb6f3db82a
  iboxpro_flutter: fe944bd0a3f50fa4f18a7c633ead63603611016d
  location: 3a2eed4dd2fab25e7b7baf2a9efefe82b512d740
  MTBBarcodeScanner: f453b33c4b7dfe545d8c6484ed744d55671788cb
  package_info: 873975fc26034f0b863a300ad47e7f1ac6c7ec62
  package_info_plus: 6c92f08e1f853dc01228d6f553146438dafcd14e
  path_provider_ios: 7d7ce634493af4477d156294792024ec3485acd5
  permission_handler: ccb20a9fad0ee9b1314a52b70b76b473c5f8dab0
  Protobuf: 176220c526ad8bd09ab1fb40a978eac3fef665f7
  qr_code_scanner: bb67d64904c3b9658ada8c402e8b4d406d5d796e
  Sentry: 5c5dd4005f3b7b9765d5a8871232cddbd0d888b7
  sentry_flutter: 4cd99764f9fe01c9415790d1f3fb1c7fd3a5cbe9
  shared_preferences_ios: aef470a42dc4675a1cdd50e3158b42e3d1232b32
  sqflite: 6d358c025f5b867b29ed92fc697fd34924e11904
  sqlite3: c0ed2889f1853952214f34195c4a081a7a7a8015
  sqlite3_flutter_libs: b26eb56ee9f5d821e55739a0e3917301e5ed4628
  url_launcher_ios: 02f1989d4e14e998335b02b67a7590fa34f971af
  yandex_mapkit: 0454ffe6e303a299e9a4414b53a006ab4e15bce7
  YandexMapsMobile: 0f3d8c92fad685dc33d07f83eed4eb0166089743

PODFILE CHECKSUM: 3db7d4f359959e127fc8004934786ab51bffed92

COCOAPODS: 1.11.3
